
Microsoft Visual Studio Solution File, Format Version 12.00
# Visual Studio 14
VisualStudioVersion = 14.0.23107.0
MinimumVisualStudioVersion = 10.0.40219.1
Project("{FAE04EC0-301F-11D3-BF4B-00C04F79EFBC}") = "Badminton", ".\Badminton\Badminton.csproj", "{07EC60B3-8E4C-4F79-9361-21FF89C155BA}"
EndProject
Project("{FAE04EC0-301F-11D3-BF4B-00C04F79EFBC}") = "Badminton UnitTest", ".\Badminton UnitTest\Badminton UnitTest.csproj", "{7E61CD83-029B-46A5-ADA1-9DEC79ABE004}"
EndProject
Global
	GlobalSection(SolutionConfigurationPlatforms) = preSolution
		Debug|Any CPU = Debug|Any CPU
		Release|Any CPU = Release|Any CPU
	EndGlobalSection
	GlobalSection(ProjectConfigurationPlatforms) = postSolution
		{07EC60B3-8E4C-4F79-9361-21FF89C155BA}.Debug|Any CPU.ActiveCfg = Debug|Any CPU
		{07EC60B3-8E4C-4F79-9361-21FF89C155BA}.Debug|Any CPU.Build.0 = Debug|Any CPU
		{07EC60B3-8E4C-4F79-9361-21FF89C155BA}.Release|Any CPU.ActiveCfg = Release|Any CPU
		{07EC60B3-8E4C-4F79-9361-21FF89C155BA}.Release|Any CPU.Build.0 = Release|Any CPU
		{7E61CD83-029B-46A5-ADA1-9DEC79ABE004}.Debug|Any CPU.ActiveCfg = Debug|Any CPU
		{7E61CD83-029B-46A5-ADA1-9DEC79ABE004}.Debug|Any CPU.Build.0 = Debug|Any CPU
		{7E61CD83-029B-46A5-ADA1-9DEC79ABE004}.Release|Any CPU.ActiveCfg = Release|Any CPU
		{7E61CD83-029B-46A5-ADA1-9DEC79ABE004}.Release|Any CPU.Build.0 = Release|Any CPU
	EndGlobalSection
	GlobalSection(SolutionProperties) = preSolution
		HideSolutionNode = FALSE
	EndGlobalSection
EndGlobal
